// !$*UTF8*$!
{
	archiveVersion = 1;
	classes = {
	};
	objectVersion = 77;
	objects = {

/* Begin PBXBuildFile section */
		6A6953C62ECAE825007C0E32 /* FirebaseAnalytics in Frameworks */ = {isa = PBXBuildFile; productRef = 6A6953C52ECAE825007C0E32 /* FirebaseAnalytics */; };
		6A6953C82ECAE825007C0E32 /* FirebaseCore in Frameworks */ = {isa = PBXBuildFile; productRef = 6A6953C72ECAE825007C0E32 /* FirebaseCore */; };
		6A6953CA2ECAE825007C0E32 /* FirebaseCrashlytics in Frameworks */ = {isa = PBXBuildFile; productRef = 6A6953C92ECAE825007C0E32 /* FirebaseCrashlytics */; };
/* End PBXBuildFile section */

/* Begin PBXContainerItemProxy section */
		6A8AA7752EB4845900E80557 /* PBXContainerItemProxy */ = {
			isa = PBXContainerItemProxy;
			containerPortal = 6A8AA75C2EB4845700E80557 /* Project object */;
			proxyType = 1;
			remoteGlobalIDString = 6A8AA7632EB4845700E80557;
			remoteInfo = Simigo;
		};
		6A8AA77F2EB4845900E80557 /* PBXContainerItemProxy */ = {
			isa = PBXContainerItemProxy;
			containerPortal = 6A8AA75C2EB4845700E80557 /* Project object */;
			proxyType = 1;
			remoteGlobalIDString = 6A8AA7632EB4845700E80557;
			remoteInfo = Simigo;
		};
/* End PBXContainerItemProxy section */

/* Begin PBXFileReference section */
		6A8AA7642EB4845700E80557 /* Simigo.app */ = {isa = PBXFileReference; explicitFileType = wrapper.application; includeInIndex = 0; path = Simigo.app; sourceTree = BUILT_PRODUCTS_DIR; };
		6A8AA7742EB4845900E80557 /* SimigoTests.xctest */ = {isa = PBXFileReference; explicitFileType = wrapper.cfbundle; includeInIndex = 0; path = SimigoTests.xctest; sourceTree = BUILT_PRODUCTS_DIR; };
		6A8AA77E2EB4845900E80557 /* SimigoUITests.xctest */ = {isa = PBXFileReference; explicitFileType = wrapper.cfbundle; includeInIndex = 0; path = SimigoUITests.xctest; sourceTree = BUILT_PRODUCTS_DIR; };
/* End PBXFileReference section */

/* Begin PBXFileSystemSynchronizedBuildFileExceptionSet section */
		6A95B9AB2EBA1D980048CC7F /* Exceptions for "Simigo" folder in "Simigo" target */ = {
			isa = PBXFileSystemSynchronizedBuildFileExceptionSet;
			membershipExceptions = (
				Info.plist,
			);
			target = 6A8AA7632EB4845700E80557 /* Simigo */;
		};
/* End PBXFileSystemSynchronizedBuildFileExceptionSet section */

/* Begin PBXFileSystemSynchronizedRootGroup section */
		6A8AA7662EB4845700E80557 /* Simigo */ = {
			isa = PBXFileSystemSynchronizedRootGroup;
			exceptions = (
				6A95B9AB2EBA1D980048CC7F /* Exceptions for "Simigo" folder in "Simigo" target */,
			);
			path = Simigo;
			sourceTree = "<group>";
		};
		6A8AA7772EB4845900E80557 /* SimigoTests */ = {
			isa = PBXFileSystemSynchronizedRootGroup;
			path = SimigoTests;
			sourceTree = "<group>";
		};
		6A8AA7812EB4845900E80557 /* SimigoUITests */ = {
			isa = PBXFileSystemSynchronizedRootGroup;
			path = SimigoUITests;
			sourceTree = "<group>";
		};
/* End PBXFileSystemSynchronizedRootGroup section */

/* Begin PBXFrameworksBuildPhase section */
		6A8AA7612EB4845700E80557 /* Frameworks */ = {
			isa = PBXFrameworksBuildPhase;
			buildActionMask = 2147483647;
			files = (
				6A6953CA2ECAE825007C0E32 /* FirebaseCrashlytics in Frameworks */,
				6A6953C82ECAE825007C0E32 /* FirebaseCore in Frameworks */,
				6A6953C62ECAE825007C0E32 /* FirebaseAnalytics in Frameworks */,
			);
			runOnlyForDeploymentPostprocessing = 0;
		};
		6A8AA7712EB4845900E80557 /* Frameworks */ = {
			isa = PBXFrameworksBuildPhase;
			buildActionMask = 2147483647;
			files = (
			);
			runOnlyForDeploymentPostprocessing = 0;
		};
		6A8AA77B2EB4845900E80557 /* Frameworks */ = {
			isa = PBXFrameworksBuildPhase;
			buildActionMask = 2147483647;
			files = (
			);
			runOnlyForDeploymentPostprocessing = 0;
		};
/* End PBXFrameworksBuildPhase section */

/* Begin PBXGroup section */
		6A8AA75B2EB4845700E80557 = {
			isa = PBXGroup;
			children = (
				6A8AA7662EB4845700E80557 /* Simigo */,
				6A8AA7772EB4845900E80557 /* SimigoTests */,
				6A8AA7812EB4845900E80557 /* SimigoUITests */,
				6A8AA7652EB4845700E80557 /* Products */,
			);
			sourceTree = "<group>";
		};
		6A8AA7652EB4845700E80557 /* Products */ = {
			isa = PBXGroup;
			children = (
				6A8AA7642EB4845700E80557 /* Simigo.app */,
				6A8AA7742EB4845900E80557 /* SimigoTests.xctest */,
				6A8AA77E2EB4845900E80557 /* SimigoUITests.xctest */,
			);
			name = Products;
			sourceTree = "<group>";
		};
/* End PBXGroup section */

/* Begin PBXNativeTarget section */
		6A8AA7632EB4845700E80557 /* Simigo */ = {
			isa = PBXNativeTarget;
			buildConfigurationList = 6A8AA7882EB4845900E80557 /* Build configuration list for PBXNativeTarget "Simigo" */;
			buildPhases = (
				6A8AA7602EB4845700E80557 /* Sources */,
				6A8AA7612EB4845700E80557 /* Frameworks */,
				6A8AA7622EB4845700E80557 /* Resources */,
			);
			buildRules = (
			);
			dependencies = (
			);
			fileSystemSynchronizedGroups = (
				6A8AA7662EB4845700E80557 /* Simigo */,
			);
			name = Simigo;
			packageProductDependencies = (
				6A6953C52ECAE825007C0E32 /* FirebaseAnalytics */,
				6A6953C72ECAE825007C0E32 /* FirebaseCore */,
				6A6953C92ECAE825007C0E32 /* FirebaseCrashlytics */,
			);
			productName = Simigo;
			productReference = 6A8AA7642EB4845700E80557 /* Simigo.app */;
			productType = "com.apple.product-type.application";
		};
		6A8AA7732EB4845900E80557 /* SimigoTests */ = {
			isa = PBXNativeTarget;
			buildConfigurationList = 6A8AA78B2EB4845900E80557 /* Build configuration list for PBXNativeTarget "SimigoTests" */;
			buildPhases = (
				6A8AA7702EB4845900E80557 /* Sources */,
				6A8AA7712EB4845900E80557 /* Frameworks */,
				6A8AA7722EB4845900E80557 /* Resources */,
			);
			buildRules = (
			);
			dependencies = (
				6A8AA7762EB4845900E80557 /* PBXTargetDependency */,
			);
			fileSystemSynchronizedGroups = (
				6A8AA7772EB4845900E80557 /* SimigoTests */,
			);
			name = SimigoTests;
			packageProductDependencies = (
			);
			productName = SimigoTests;
			productReference = 6A8AA7742EB4845900E80557 /* SimigoTests.xctest */;
			productType = "com.apple.product-type.bundle.unit-test";
		};
		6A8AA77D2EB4845900E80557 /* SimigoUITests */ = {
			isa = PBXNativeTarget;
			buildConfigurationList = 6A8AA78E2EB4845900E80557 /* Build configuration list for PBXNativeTarget "SimigoUITests" */;
			buildPhases = (
				6A8AA77A2EB4845900E80557 /* Sources */,
				6A8AA77B2EB4845900E80557 /* Frameworks */,
				6A8AA77C2EB4845900E80557 /* Resources */,
			);
			buildRules = (
			);
			dependencies = (
				6A8AA7802EB4845900E80557 /* PBXTargetDependency */,
			);
			fileSystemSynchronizedGroups = (
				6A8AA7812EB4845900E80557 /* SimigoUITests */,
			);
			name = SimigoUITests;
			packageProductDependencies = (
			);
			productName = SimigoUITests;
			productReference = 6A8AA77E2EB4845900E80557 /* SimigoUITests.xctest */;
			productType = "com.apple.product-type.bundle.ui-testing";
		};
/* End PBXNativeTarget section */

/* Begin PBXProject section */
		6A8AA75C2EB4845700E80557 /* Project object */ = {
			isa = PBXProject;
			attributes = {
				BuildIndependentTargetsInParallel = 1;
				LastSwiftUpdateCheck = 1620;
				LastUpgradeCheck = 1620;
				TargetAttributes = {
					6A8AA7632EB4845700E80557 = {
						CreatedOnToolsVersion = 16.2;
					};
					6A8AA7732EB4845900E80557 = {
						CreatedOnToolsVersion = 16.2;
						TestTargetID = 6A8AA7632EB4845700E80557;
					};
					6A8AA77D2EB4845900E80557 = {
						CreatedOnToolsVersion = 16.2;
						TestTargetID = 6A8AA7632EB4845700E80557;
					};
				};
			};
			buildConfigurationList = 6A8AA75F2EB4845700E80557 /* Build configuration list for PBXProject "Simigo" */;
			developmentRegion = en;
			hasScannedForEncodings = 0;
			knownRegions = (
				en,
				Base,
				"zh-Hans",
				"zh-Hant",
				ja,
				ko,
				th,
				id,
				es,
				pt,
				ms,
				vi,
				ar,
			);
			mainGroup = 6A8AA75B2EB4845700E80557;
			minimizedProjectReferenceProxies = 1;
			packageReferences = (
				6A6953C42ECAE825007C0E32 /* XCRemoteSwiftPackageReference "firebase-ios-sdk" */,
			);
			preferredProjectObjectVersion = 77;
			productRefGroup = 6A8AA7652EB4845700E80557 /* Products */;
			projectDirPath = "";
			projectRoot = "";
			targets = (
				6A8AA7632EB4845700E80557 /* Simigo */,
				6A8AA7732EB4845900E80557 /* SimigoTests */,
				6A8AA77D2EB4845900E80557 /* SimigoUITests */,
			);
		};
/* End PBXProject section */

/* Begin PBXResourcesBuildPhase section */
		6A8AA7622EB4845700E80557 /* Resources */ = {
			isa = PBXResourcesBuildPhase;
			buildActionMask = 2147483647;
			files = (
			);
			runOnlyForDeploymentPostprocessing = 0;
		};
		6A8AA7722EB4845900E80557 /* Resources */ = {
			isa = PBXResourcesBuildPhase;
			buildActionMask = 2147483647;
			files = (
			);
			runOnlyForDeploymentPostprocessing = 0;
		};
		6A8AA77C2EB4845900E80557 /* Resources */ = {
			isa = PBXResourcesBuildPhase;
			buildActionMask = 2147483647;
			files = (
			);
			runOnlyForDeploymentPostprocessing = 0;
		};
/* End PBXResourcesBuildPhase section */

/* Begin PBXSourcesBuildPhase section */
		6A8AA7602EB4845700E80557 /* Sources */ = {
			isa = PBXSourcesBuildPhase;
			buildActionMask = 2147483647;
			files = (
			);
			runOnlyForDeploymentPostprocessing = 0;
		};
		6A8AA7702EB4845900E80557 /* Sources */ = {
			isa = PBXSourcesBuildPhase;
			buildActionMask = 2147483647;
			files = (
			);
			runOnlyForDeploymentPostprocessing = 0;
		};
		6A8AA77A2EB4845900E80557 /* Sources */ = {
			isa = PBXSourcesBuildPhase;
			buildActionMask = 2147483647;
			files = (
			);
			runOnlyForDeploymentPostprocessing = 0;
		};
/* End PBXSourcesBuildPhase section */

/* Begin PBXTargetDependency section */
		6A8AA7762EB4845900E80557 /* PBXTargetDependency */ = {
			isa = PBXTargetDependency;
			target = 6A8AA7632EB4845700E80557 /* Simigo */;
			targetProxy = 6A8AA7752EB4845900E80557 /* PBXContainerItemProxy */;
		};
		6A8AA7802EB4845900E80557 /* PBXTargetDependency */ = {
			isa = PBXTargetDependency;
			target = 6A8AA7632EB4845700E80557 /* Simigo */;
			targetProxy = 6A8AA77F2EB4845900E80557 /* PBXContainerItemProxy */;
		};
/* End PBXTargetDependency section */

/* Begin XCBuildConfiguration section */
		6A8AA7862EB4845900E80557 /* Debug */ = {
			isa = XCBuildConfiguration;
			buildSettings = {
				ALWAYS_SEARCH_USER_PATHS = NO;
				ASSETCATALOG_COMPILER_GENERATE_SWIFT_ASSET_SYMBOL_EXTENSIONS = YES;
				CLANG_ANALYZER_NONNULL = YES;
				CLANG_ANALYZER_NUMBER_OBJECT_CONVERSION = YES_AGGRESSIVE;
				CLANG_CXX_LANGUAGE_STANDARD = "gnu++20";
				CLANG_ENABLE_MODULES = YES;
				CLANG_ENABLE_OBJC_ARC = YES;
				CLANG_ENABLE_OBJC_WEAK = YES;
				CLANG_WARN_BLOCK_CAPTURE_AUTORELEASING = YES;
				CLANG_WARN_BOOL_CONVERSION = YES;
				CLANG_WARN_COMMA = YES;
				CLANG_WARN_CONSTANT_CONVERSION = YES;
				CLANG_WARN_DEPRECATED_OBJC_IMPLEMENTATIONS = YES;
				CLANG_WARN_DIRECT_OBJC_ISA_USAGE = YES_ERROR;
				CLANG_WARN_DOCUMENTATION_COMMENTS = YES;
				CLANG_WARN_EMPTY_BODY = YES;
				CLANG_WARN_ENUM_CONVERSION = YES;
				CLANG_WARN_INFINITE_RECURSION = YES;
				CLANG_WARN_INT_CONVERSION = YES;
				CLANG_WARN_NON_LITERAL_NULL_CONVERSION = YES;
				CLANG_WARN_OBJC_IMPLICIT_RETAIN_SELF = YES;
				CLANG_WARN_OBJC_LITERAL_CONVERSION = YES;
				CLANG_WARN_OBJC_ROOT_CLASS = YES_ERROR;
				CLANG_WARN_QUOTED_INCLUDE_IN_FRAMEWORK_HEADER = YES;
				CLANG_WARN_RANGE_LOOP_ANALYSIS = YES;
				CLANG_WARN_STRICT_PROTOTYPES = YES;
				CLANG_WARN_SUSPICIOUS_MOVE = YES;
				CLANG_WARN_UNGUARDED_AVAILABILITY = YES_AGGRESSIVE;
				CLANG_WARN_UNREACHABLE_CODE = YES;
				CLANG_WARN__DUPLICATE_METHOD_MATCH = YES;
				COPY_PHASE_STRIP = NO;
				DEBUG_INFORMATION_FORMAT = dwarf;
				ENABLE_STRICT_OBJC_MSGSEND = YES;
				ENABLE_TESTABILITY = YES;
				ENABLE_USER_SCRIPT_SANDBOXING = YES;
				GCC_C_LANGUAGE_STANDARD = gnu17;
				GCC_DYNAMIC_NO_PIC = NO;
				GCC_NO_COMMON_BLOCKS = YES;
				GCC_OPTIMIZATION_LEVEL = 0;
				GCC_PREPROCESSOR_DEFINITIONS = (
					"DEBUG=1",
					"$(inherited)",
				);
				GCC_WARN_64_TO_32_BIT_CONVERSION = YES;
				GCC_WARN_ABOUT_RETURN_TYPE = YES_ERROR;
				GCC_WARN_UNDECLARED_SELECTOR = YES;
				GCC_WARN_UNINITIALIZED_AUTOS = YES_AGGRESSIVE;
				GCC_WARN_UNUSED_FUNCTION = YES;
				GCC_WARN_UNUSED_VARIABLE = YES;
				IPHONEOS_DEPLOYMENT_TARGET = 18.2;
				LOCALIZATION_PREFERS_STRING_CATALOGS = YES;
				MTL_ENABLE_DEBUG_INFO = INCLUDE_SOURCE;
				MTL_FAST_MATH = YES;
				ONLY_ACTIVE_ARCH = YES;
				SDKROOT = iphoneos;
				SWIFT_ACTIVE_COMPILATION_CONDITIONS = "DEBUG $(inherited)";
				SWIFT_OPTIMIZATION_LEVEL = "-Onone";
			};
			name = Debug;
		};
		6A8AA7872EB4845900E80557 /* Release */ = {
			isa = XCBuildConfiguration;
			buildSettings = {
				ALWAYS_SEARCH_USER_PATHS = NO;
				ASSETCATALOG_COMPILER_GENERATE_SWIFT_ASSET_SYMBOL_EXTENSIONS = YES;
				CLANG_ANALYZER_NONNULL = YES;
				CLANG_ANALYZER_NUMBER_OBJECT_CONVERSION = YES_AGGRESSIVE;
				CLANG_CXX_LANGUAGE_STANDARD = "gnu++20";
				CLANG_ENABLE_MODULES = YES;
				CLANG_ENABLE_OBJC_ARC = YES;
				CLANG_ENABLE_OBJC_WEAK = YES;
				CLANG_WARN_BLOCK_CAPTURE_AUTORELEASING = YES;
				CLANG_WARN_BOOL_CONVERSION = YES;
				CLANG_WARN_COMMA = YES;
				CLANG_WARN_CONSTANT_CONVERSION = YES;
				CLANG_WARN_DEPRECATED_OBJC_IMPLEMENTATIONS = YES;
				CLANG_WARN_DIRECT_OBJC_ISA_USAGE = YES_ERROR;
				CLANG_WARN_DOCUMENTATION_COMMENTS = YES;
				CLANG_WARN_EMPTY_BODY = YES;
				CLANG_WARN_ENUM_CONVERSION = YES;
				CLANG_WARN_INFINITE_RECURSION = YES;
				CLANG_WARN_INT_CONVERSION = YES;
				CLANG_WARN_NON_LITERAL_NULL_CONVERSION = YES;
				CLANG_WARN_OBJC_IMPLICIT_RETAIN_SELF = YES;
				CLANG_WARN_OBJC_LITERAL_CONVERSION = YES;
				CLANG_WARN_OBJC_ROOT_CLASS = YES_ERROR;
				CLANG_WARN_QUOTED_INCLUDE_IN_FRAMEWORK_HEADER = YES;
				CLANG_WARN_RANGE_LOOP_ANALYSIS = YES;
				CLANG_WARN_STRICT_PROTOTYPES = YES;
				CLANG_WARN_SUSPICIOUS_MOVE = YES;
				CLANG_WARN_UNGUARDED_AVAILABILITY = YES_AGGRESSIVE;
				CLANG_WARN_UNREACHABLE_CODE = YES;
				CLANG_WARN__DUPLICATE_METHOD_MATCH = YES;
				COPY_PHASE_STRIP = NO;
				DEBUG_INFORMATION_FORMAT = "dwarf-with-dsym";
				ENABLE_NS_ASSERTIONS = NO;
				ENABLE_STRICT_OBJC_MSGSEND = YES;
				ENABLE_USER_SCRIPT_SANDBOXING = YES;
				GCC_C_LANGUAGE_STANDARD = gnu17;
				GCC_NO_COMMON_BLOCKS = YES;
				GCC_WARN_64_TO_32_BIT_CONVERSION = YES;
				GCC_WARN_ABOUT_RETURN_TYPE = YES_ERROR;
				GCC_WARN_UNDECLARED_SELECTOR = YES;
				GCC_WARN_UNINITIALIZED_AUTOS = YES_AGGRESSIVE;
				GCC_WARN_UNUSED_FUNCTION = YES;
				GCC_WARN_UNUSED_VARIABLE = YES;
				IPHONEOS_DEPLOYMENT_TARGET = 18.2;
				LOCALIZATION_PREFERS_STRING_CATALOGS = YES;
				MTL_ENABLE_DEBUG_INFO = NO;
				MTL_FAST_MATH = YES;
				SDKROOT = iphoneos;
				SWIFT_COMPILATION_MODE = wholemodule;
				VALIDATE_PRODUCT = YES;
			};
			name = Release;
		};
		6A8AA7892EB4845900E80557 /* Debug */ = {
			isa = XCBuildConfiguration;
			buildSettings = {
				ASSETCATALOG_COMPILER_APPICON_NAME = AppIcon;
				ASSETCATALOG_COMPILER_GLOBAL_ACCENT_COLOR_NAME = AccentColor;
				CODE_SIGN_STYLE = Automatic;
				CURRENT_PROJECT_VERSION = 1;
				DEVELOPMENT_ASSET_PATHS = "\"Simigo/Preview Content\"";
				DEVELOPMENT_TEAM = RNGCA2KVP5;
				ENABLE_PREVIEWS = YES;
				GENERATE_INFOPLIST_FILE = YES;
				INFOPLIST_FILE = Simigo/Info.plist;
				INFOPLIST_KEY_CFBundleDisplayName = "eSIM Home";
				INFOPLIST_KEY_LSApplicationCategoryType = "public.app-category.travel";
				INFOPLIST_KEY_UIApplicationSceneManifest_Generation = YES;
				INFOPLIST_KEY_UIApplicationSupportsIndirectInputEvents = YES;
				INFOPLIST_KEY_UILaunchScreen_Generation = YES;
				INFOPLIST_KEY_UISupportedInterfaceOrientations = UIInterfaceOrientationPortrait;
				INFOPLIST_KEY_UISupportedInterfaceOrientations_iPad = "UIInterfaceOrientationLandscapeLeft UIInterfaceOrientationLandscapeRight UIInterfaceOrientationPortrait UIInterfaceOrientationPortraitUpsideDown";
				IPHONEOS_DEPLOYMENT_TARGET = 17.6;
				LD_RUNPATH_SEARCH_PATHS = (
					"$(inherited)",
					"@executable_path/Frameworks",
				);
				MARKETING_VERSION = 1.0;
				PRODUCT_BUNDLE_IDENTIFIER = com.zjk.cc.Simigo;
				PRODUCT_NAME = "$(TARGET_NAME)";
				SUPPORTED_PLATFORMS = "iphoneos iphonesimulator";
				SUPPORTS_MACCATALYST = NO;
				SUPPORTS_MAC_DESIGNED_FOR_IPHONE_IPAD = NO;
				SUPPORTS_XR_DESIGNED_FOR_IPHONE_IPAD = NO;
				SWIFT_EMIT_LOC_STRINGS = YES;
				SWIFT_VERSION = 5.0;
				TARGETED_DEVICE_FAMILY = 1;
			};
			name = Debug;
		};
		6A8AA78A2EB4845900E80557 /* Release */ = {
			isa = XCBuildConfiguration;
			buildSettings = {
				ASSETCATALOG_COMPILER_APPICON_NAME = AppIcon;
				ASSETCATALOG_COMPILER_GLOBAL_ACCENT_COLOR_NAME = AccentColor;
				CODE_SIGN_STYLE = Automatic;
				CURRENT_PROJECT_VERSION = 1;
				DEVELOPMENT_ASSET_PATHS = "\"Simigo/Preview Content\"";
				DEVELOPMENT_TEAM = RNGCA2KVP5;
				ENABLE_PREVIEWS = YES;
				GENERATE_INFOPLIST_FILE = YES;
				INFOPLIST_FILE = Simigo/Info.plist;
				INFOPLIST_KEY_CFBundleDisplayName = "eSIM Home";
				INFOPLIST_KEY_LSApplicationCategoryType = "public.app-category.travel";
				INFOPLIST_KEY_UIApplicationSceneManifest_Generation = YES;
				INFOPLIST_KEY_UIApplicationSupportsIndirectInputEvents = YES;
				INFOPLIST_KEY_UILaunchScreen_Generation = YES;
				INFOPLIST_KEY_UISupportedInterfaceOrientations = UIInterfaceOrientationPortrait;
				INFOPLIST_KEY_UISupportedInterfaceOrientations_iPad = "UIInterfaceOrientationLandscapeLeft UIInterfaceOrientationLandscapeRight UIInterfaceOrientationPortrait UIInterfaceOrientationPortraitUpsideDown";
				IPHONEOS_DEPLOYMENT_TARGET = 17.6;
				LD_RUNPATH_SEARCH_PATHS = (
					"$(inherited)",
					"@executable_path/Frameworks",
				);
				MARKETING_VERSION = 1.0;
				PRODUCT_BUNDLE_IDENTIFIER = com.zjk.cc.Simigo;
				PRODUCT_NAME = "$(TARGET_NAME)";
				SUPPORTED_PLATFORMS = "iphoneos iphonesimulator";
				SUPPORTS_MACCATALYST = NO;
				SUPPORTS_MAC_DESIGNED_FOR_IPHONE_IPAD = NO;
				SUPPORTS_XR_DESIGNED_FOR_IPHONE_IPAD = NO;
				SWIFT_EMIT_LOC_STRINGS = YES;
				SWIFT_VERSION = 5.0;
				TARGETED_DEVICE_FAMILY = 1;
			};
			name = Release;
		};
		6A8AA78C2EB4845900E80557 /* Debug */ = {
			isa = XCBuildConfiguration;
			buildSettings = {
				BUNDLE_LOADER = "$(TEST_HOST)";
				CODE_SIGN_STYLE = Automatic;
				CURRENT_PROJECT_VERSION = 1;
				DEVELOPMENT_TEAM = RNGCA2KVP5;
				GENERATE_INFOPLIST_FILE = YES;
				IPHONEOS_DEPLOYMENT_TARGET = 18.2;
				MARKETING_VERSION = 1.0;
				PRODUCT_BUNDLE_IDENTIFIER = com.zjk.cc.SimigoTests;
				PRODUCT_NAME = "$(TARGET_NAME)";
				SWIFT_EMIT_LOC_STRINGS = NO;
				SWIFT_VERSION = 5.0;
				TARGETED_DEVICE_FAMILY = "1,2";
				TEST_HOST = "$(BUILT_PRODUCTS_DIR)/Simigo.app/$(BUNDLE_EXECUTABLE_FOLDER_PATH)/Simigo";
			};
			name = Debug;
		};
		6A8AA78D2EB4845900E80557 /* Release */ = {
			isa = XCBuildConfiguration;
			buildSettings = {
				BUNDLE_LOADER = "$(TEST_HOST)";
				CODE_SIGN_STYLE = Automatic;
				CURRENT_PROJECT_VERSION = 1;
				DEVELOPMENT_TEAM = RNGCA2KVP5;
				GENERATE_INFOPLIST_FILE = YES;
				IPHONEOS_DEPLOYMENT_TARGET = 18.2;
				MARKETING_VERSION = 1.0;
				PRODUCT_BUNDLE_IDENTIFIER = com.zjk.cc.SimigoTests;
				PRODUCT_NAME = "$(TARGET_NAME)";
				SWIFT_EMIT_LOC_STRINGS = NO;
				SWIFT_VERSION = 5.0;
				TARGETED_DEVICE_FAMILY = "1,2";
				TEST_HOST = "$(BUILT_PRODUCTS_DIR)/Simigo.app/$(BUNDLE_EXECUTABLE_FOLDER_PATH)/Simigo";
			};
			name = Release;
		};
		6A8AA78F2EB4845900E80557 /* Debug */ = {
			isa = XCBuildConfiguration;
			buildSettings = {
				CODE_SIGN_STYLE = Automatic;
				CURRENT_PROJECT_VERSION = 1;
				DEVELOPMENT_TEAM = RNGCA2KVP5;
				GENERATE_INFOPLIST_FILE = YES;
				MARKETING_VERSION = 1.0;
				PRODUCT_BUNDLE_IDENTIFIER = com.zjk.cc.SimigoUITests;
				PRODUCT_NAME = "$(TARGET_NAME)";
				SWIFT_EMIT_LOC_STRINGS = NO;
				SWIFT_VERSION = 5.0;
				TARGETED_DEVICE_FAMILY = "1,2";
				TEST_TARGET_NAME = Simigo;
			};
			name = Debug;
		};
		6A8AA7902EB4845900E80557 /* Release */ = {
			isa = XCBuildConfiguration;
			buildSettings = {
				CODE_SIGN_STYLE = Automatic;
				CURRENT_PROJECT_VERSION = 1;
				DEVELOPMENT_TEAM = RNGCA2KVP5;
				GENERATE_INFOPLIST_FILE = YES;
				MARKETING_VERSION = 1.0;
				PRODUCT_BUNDLE_IDENTIFIER = com.zjk.cc.SimigoUITests;
				PRODUCT_NAME = "$(TARGET_NAME)";
				SWIFT_EMIT_LOC_STRINGS = NO;
				SWIFT_VERSION = 5.0;
				TARGETED_DEVICE_FAMILY = "1,2";
				TEST_TARGET_NAME = Simigo;
			};
			name = Release;
		};
/* End XCBuildConfiguration section */

/* Begin XCConfigurationList section */
		6A8AA75F2EB4845700E80557 /* Build configuration list for PBXProject "Simigo" */ = {
			isa = XCConfigurationList;
			buildConfigurations = (
				6A8AA7862EB4845900E80557 /* Debug */,
				6A8AA7872EB4845900E80557 /* Release */,
			);
			defaultConfigurationIsVisible = 0;
			defaultConfigurationName = Release;
		};
		6A8AA7882EB4845900E80557 /* Build configuration list for PBXNativeTarget "Simigo" */ = {
			isa = XCConfigurationList;
			buildConfigurations = (
				6A8AA7892EB4845900E80557 /* Debug */,
				6A8AA78A2EB4845900E80557 /* Release */,
			);
			defaultConfigurationIsVisible = 0;
			defaultConfigurationName = Release;
		};
		6A8AA78B2EB4845900E80557 /* Build configuration list for PBXNativeTarget "SimigoTests" */ = {
			isa = XCConfigurationList;
			buildConfigurations = (
				6A8AA78C2EB4845900E80557 /* Debug */,
				6A8AA78D2EB4845900E80557 /* Release */,
			);
			defaultConfigurationIsVisible = 0;
			defaultConfigurationName = Release;
		};
		6A8AA78E2EB4845900E80557 /* Build configuration list for PBXNativeTarget "SimigoUITests" */ = {
			isa = XCConfigurationList;
			buildConfigurations = (
				6A8AA78F2EB4845900E80557 /* Debug */,
				6A8AA7902EB4845900E80557 /* Release */,
			);
			defaultConfigurationIsVisible = 0;
			defaultConfigurationName = Release;
		};
/* End XCConfigurationList section */

/* Begin XCRemoteSwiftPackageReference section */
		6A6953C42ECAE825007C0E32 /* XCRemoteSwiftPackageReference "firebase-ios-sdk" */ = {
			isa = XCRemoteSwiftPackageReference;
			repositoryURL = "https://github.com/firebase/firebase-ios-sdk";
			requirement = {
				kind = upToNextMajorVersion;
				minimumVersion = 12.6.0;
			};
		};
/* End XCRemoteSwiftPackageReference section */

/* Begin XCSwiftPackageProductDependency section */
		6A6953C52ECAE825007C0E32 /* FirebaseAnalytics */ = {
			isa = XCSwiftPackageProductDependency;
			package = 6A6953C42ECAE825007C0E32 /* XCRemoteSwiftPackageReference "firebase-ios-sdk" */;
			productName = FirebaseAnalytics;
		};
		6A6953C72ECAE825007C0E32 /* FirebaseCore */ = {
			isa = XCSwiftPackageProductDependency;
			package = 6A6953C42ECAE825007C0E32 /* XCRemoteSwiftPackageReference "firebase-ios-sdk" */;
			productName = FirebaseCore;
		};
		6A6953C92ECAE825007C0E32 /* FirebaseCrashlytics */ = {
			isa = XCSwiftPackageProductDependency;
			package = 6A6953C42ECAE825007C0E32 /* XCRemoteSwiftPackageReference "firebase-ios-sdk" */;
			productName = FirebaseCrashlytics;
		};
/* End XCSwiftPackageProductDependency section */
	};
	rootObject = 6A8AA75C2EB4845700E80557 /* Project object */;
}
